
Microsoft Visual Studio Solution File, Format Version 12.00
# Visual Studio Version 17
VisualStudioVersion = 17.7.34031.279
MinimumVisualStudioVersion = 10.0.40219.1
Project("{FAE04EC0-301F-11D3-BF4B-00C04F79EFBC}") = "Okul_Projesi", "Okul_Projesi.csproj", "{639C09C9-D6A2-445E-906B-06843D75C209}"
EndProject
Global
	GlobalSection(SolutionConfigurationPlatforms) = preSolution
		Debug|Any CPU = Debug|Any CPU
		Release|Any CPU = Release|Any CPU
	EndGlobalSection
	GlobalSection(ProjectConfigurationPlatforms) = postSolution
		{639C09C9-D6A2-445E-906B-06843D75C209}.Debug|Any CPU.ActiveCfg = Debug|Any CPU
		{639C09C9-D6A2-445E-906B-06843D75C209}.Debug|Any CPU.Build.0 = Debug|Any CPU
		{639C09C9-D6A2-445E-906B-06843D75C209}.Release|Any CPU.ActiveCfg = Release|Any CPU
		{639C09C9-D6A2-445E-906B-06843D75C209}.Release|Any CPU.Build.0 = Release|Any CPU
	EndGlobalSection
	GlobalSection(SolutionProperties) = preSolution
		HideSolutionNode = FALSE
	EndGlobalSection
	GlobalSection(ExtensibilityGlobals) = postSolution
		SolutionGuid = {AB0AF46C-2F1D-455E-B708-FEDF38095C0B}
	EndGlobalSection
EndGlobal
